
Microsoft Visual Studio Solution File, Format Version 12.00
# Visual Studio Version 17
VisualStudioVersion = 17.14.36401.2
MinimumVisualStudioVersion = 10.0.40219.1
Project("{FAE04EC0-301F-11D3-BF4B-00C04F79EFBC}") = "ApiUsuarios", "Usuarios\ApiUsuarios\ApiUsuarios.csproj", "{2725416E-EB18-833A-04CC-E44D2DBBEE4B}"
EndProject
Project("{FAE04EC0-301F-11D3-BF4B-00C04F79EFBC}") = "ApiSolicitudes", "Solicitudes\ApiSolicitudes\ApiSolicitudes.csproj", "{727CDA6E-CEEB-5C59-84C1-6B99B6F5BFC1}"
EndProject
Project("{E53339B2-1760-4266-BCC7-CA923CBCF16C}") = "docker-compose", "docker-compose.dcproj", "{81DDED9D-158B-E303-5F62-77A2896D2A5A}"
EndProject
Global
	GlobalSection(SolutionConfigurationPlatforms) = preSolution
		Debug|Any CPU = Debug|Any CPU
		Release|Any CPU = Release|Any CPU
	EndGlobalSection
	GlobalSection(ProjectConfigurationPlatforms) = postSolution
		{2725416E-EB18-833A-04CC-E44D2DBBEE4B}.Debug|Any CPU.ActiveCfg = Debug|Any CPU
		{2725416E-EB18-833A-04CC-E44D2DBBEE4B}.Debug|Any CPU.Build.0 = Debug|Any CPU
		{2725416E-EB18-833A-04CC-E44D2DBBEE4B}.Release|Any CPU.ActiveCfg = Release|Any CPU
		{2725416E-EB18-833A-04CC-E44D2DBBEE4B}.Release|Any CPU.Build.0 = Release|Any CPU
		{727CDA6E-CEEB-5C59-84C1-6B99B6F5BFC1}.Debug|Any CPU.ActiveCfg = Debug|Any CPU
		{727CDA6E-CEEB-5C59-84C1-6B99B6F5BFC1}.Debug|Any CPU.Build.0 = Debug|Any CPU
		{727CDA6E-CEEB-5C59-84C1-6B99B6F5BFC1}.Release|Any CPU.ActiveCfg = Release|Any CPU
		{727CDA6E-CEEB-5C59-84C1-6B99B6F5BFC1}.Release|Any CPU.Build.0 = Release|Any CPU
		{81DDED9D-158B-E303-5F62-77A2896D2A5A}.Debug|Any CPU.ActiveCfg = Debug|Any CPU
		{81DDED9D-158B-E303-5F62-77A2896D2A5A}.Debug|Any CPU.Build.0 = Debug|Any CPU
		{81DDED9D-158B-E303-5F62-77A2896D2A5A}.Release|Any CPU.ActiveCfg = Release|Any CPU
		{81DDED9D-158B-E303-5F62-77A2896D2A5A}.Release|Any CPU.Build.0 = Release|Any CPU
	EndGlobalSection
	GlobalSection(SolutionProperties) = preSolution
		HideSolutionNode = FALSE
	EndGlobalSection
	GlobalSection(ExtensibilityGlobals) = postSolution
		SolutionGuid = {DA57D738-BDC6-4D85-A84E-7D2DC25A3CD5}
	EndGlobalSection
EndGlobal
